{
  "name": "raxkor",
  "version": "1.0.0",
  "lockfileVersion": 1,
  "requires": true,
  "dependencies": {
    "@fortawesome/fontawesome-free": {
      "version": "5.6.3",
      "resolved": "https://registry.npmjs.org/@fortawesome/fontawesome-free/-/fontawesome-free-5.6.3.tgz",
      "integrity": "sha512-s5PLdI9NYgjBvfrv6rhirPHlAHWx+Sfo/IjsAeiXYfmemC/GSjwsyz1wLnGPazbLPXWfk62ks980o9AmsxYUEQ==",
      "dev": true
    },
    "animate.css": {
      "version": "3.7.0",
      "resolved": "https://registry.npmjs.org/animate.css/-/animate.css-3.7.0.tgz",
      "integrity": "sha512-u3iMXDJr0cxMdQocIciDiou9Au4L5f9uT+/jCtprw3s1j3HcfCuI+khF+90Ps2KdsEhM2soF7SXB4WUvI3HlXg=="
    },
    "bootstrap": {
      "version": "4.2.1",
      "resolved": "https://registry.npmjs.org/bootstrap/-/bootstrap-4.2.1.tgz",
      "integrity": "sha512-tt/7vIv3Gm2mnd/WeDx36nfGGHleil0Wg8IeB7eMrVkY0fZ5iTaBisSh8oNANc2IBsCc6vCgCNTIM/IEN0+50Q=="
    },
    "inputmask": {
      "version": "3.3.11",
      "resolved": "https://registry.npmjs.org/inputmask/-/inputmask-3.3.11.tgz",
      "integrity": "sha1-FCHJSuKMPc0bTSYze1CLs0mY4tg="
    },
    "jquery": {
      "version": "3.3.1",
      "resolved": "https://registry.npmjs.org/jquery/-/jquery-3.3.1.tgz",
      "integrity": "sha512-Ubldcmxp5np52/ENotGxlLe6aGMvmF4R8S6tZjsP6Knsaxd/xp3Zrh50cG93lR6nPXyUFwzN3ZSOQI0wRJNdGg=="
    },
    "jquery-ui": {
      "version": "1.12.1",
      "resolved": "https://registry.npmjs.org/jquery-ui/-/jquery-ui-1.12.1.tgz",
      "integrity": "sha1-vLQEXI3QU5wTS8FIjN0+dop6nlE="
    },
    "jquery.inputmask": {
      "version": "3.3.4",
      "resolved": "https://registry.npmjs.org/jquery.inputmask/-/jquery.inputmask-3.3.4.tgz",
      "integrity": "sha1-/0qP0Zb5/iihf9d6LaV5wVp4pgY="
    },
    "popper.js": {
      "version": "1.14.6",
      "resolved": "https://registry.npmjs.org/popper.js/-/popper.js-1.14.6.tgz",
      "integrity": "sha512-AGwHGQBKumlk/MDfrSOf0JHhJCImdDMcGNoqKmKkU+68GFazv3CQ6q9r7Ja1sKDZmYWTckY/uLyEznheTDycnA=="
    },
    "vue": {
      "version": "2.5.22",
      "resolved": "https://registry.npmjs.org/vue/-/vue-2.5.22.tgz",
      "integrity": "sha512-pxY3ZHlXNJMFQbkjEgGVMaMMkSV1ONpz+4qB55kZuJzyJOhn6MSy/YZdzhdnumegNzVTL/Dn3Pp4UrVBYt1j/g=="
    },
    "vue-inputmask": {
      "version": "0.2.1",
      "resolved": "https://registry.npmjs.org/vue-inputmask/-/vue-inputmask-0.2.1.tgz",
      "integrity": "sha512-T05NnZSjCq99cu4UOyzK0CIjvQm399G5BuoTWoS5udE3wRvflAPpUopOaRPbhu8YsKgWwKn2S+AslicFrXmy8g==",
      "requires": {
        "inputmask": "3.3.11",
        "vue": "2.5.22"
      }
    },
    "wowjs": {
      "version": "1.1.3",
      "resolved": "https://registry.npmjs.org/wowjs/-/wowjs-1.1.3.tgz",
      "integrity": "sha1-RA/Bu0x+iWhA7keXIpaitZB1rL0=",
      "requires": {
        "animate.css": "3.7.0"
      }
    }
  }
}
